
Microsoft Visual Studio Solution File, Format Version 12.00
# Visual Studio 15
VisualStudioVersion = 15.0.28307.136
MinimumVisualStudioVersion = 10.0.40219.1
Project("{9A19103F-16F7-4668-BE54-9A1E7A4F7556}") = "MinIT", "MinIT\MinIT.csproj", "{47019B2E-BB4D-4B4A-BE37-919D5ED5C375}"
EndProject
Project("{9A19103F-16F7-4668-BE54-9A1E7A4F7556}") = "MinIT.ApplicationLogic", "MinIT.ApplicationLogic\MinIT.ApplicationLogic.csproj", "{51410EFA-8693-4F1A-8CF6-B4B4AF4AEFD5}"
EndProject
Project("{9A19103F-16F7-4668-BE54-9A1E7A4F7556}") = "MinIT.Data", "MinIT.Data\MinIT.Data.csproj", "{5D411CD3-406C-4CC9-9878-92E7DDCF73B8}"
EndProject
Project("{9A19103F-16F7-4668-BE54-9A1E7A4F7556}") = "MinIT.Domain", "MinIT.Domain\MinIT.Domain.csproj", "{11F6CF69-BBD7-4D81-A1CD-5ED3A9552F4A}"
EndProject
Project("{FAE04EC0-301F-11D3-BF4B-00C04F79EFBC}") = "MinIT.Common", "MinIT.Common\MinIT.Common.csproj", "{75C6EF66-318F-4B64-A280-C33557907F61}"
EndProject
Global
	GlobalSection(SolutionConfigurationPlatforms) = preSolution
		Debug|Any CPU = Debug|Any CPU
		Release|Any CPU = Release|Any CPU
	EndGlobalSection
	GlobalSection(ProjectConfigurationPlatforms) = postSolution
		{47019B2E-BB4D-4B4A-BE37-919D5ED5C375}.Debug|Any CPU.ActiveCfg = Debug|Any CPU
		{47019B2E-BB4D-4B4A-BE37-919D5ED5C375}.Debug|Any CPU.Build.0 = Debug|Any CPU
		{47019B2E-BB4D-4B4A-BE37-919D5ED5C375}.Release|Any CPU.ActiveCfg = Release|Any CPU
		{47019B2E-BB4D-4B4A-BE37-919D5ED5C375}.Release|Any CPU.Build.0 = Release|Any CPU
		{51410EFA-8693-4F1A-8CF6-B4B4AF4AEFD5}.Debug|Any CPU.ActiveCfg = Debug|Any CPU
		{51410EFA-8693-4F1A-8CF6-B4B4AF4AEFD5}.Debug|Any CPU.Build.0 = Debug|Any CPU
		{51410EFA-8693-4F1A-8CF6-B4B4AF4AEFD5}.Release|Any CPU.ActiveCfg = Release|Any CPU
		{51410EFA-8693-4F1A-8CF6-B4B4AF4AEFD5}.Release|Any CPU.Build.0 = Release|Any CPU
		{5D411CD3-406C-4CC9-9878-92E7DDCF73B8}.Debug|Any CPU.ActiveCfg = Debug|Any CPU
		{5D411CD3-406C-4CC9-9878-92E7DDCF73B8}.Debug|Any CPU.Build.0 = Debug|Any CPU
		{5D411CD3-406C-4CC9-9878-92E7DDCF73B8}.Release|Any CPU.ActiveCfg = Release|Any CPU
		{5D411CD3-406C-4CC9-9878-92E7DDCF73B8}.Release|Any CPU.Build.0 = Release|Any CPU
		{11F6CF69-BBD7-4D81-A1CD-5ED3A9552F4A}.Debug|Any CPU.ActiveCfg = Debug|Any CPU
		{11F6CF69-BBD7-4D81-A1CD-5ED3A9552F4A}.Debug|Any CPU.Build.0 = Debug|Any CPU
		{11F6CF69-BBD7-4D81-A1CD-5ED3A9552F4A}.Release|Any CPU.ActiveCfg = Release|Any CPU
		{11F6CF69-BBD7-4D81-A1CD-5ED3A9552F4A}.Release|Any CPU.Build.0 = Release|Any CPU
		{75C6EF66-318F-4B64-A280-C33557907F61}.Debug|Any CPU.ActiveCfg = Debug|Any CPU
		{75C6EF66-318F-4B64-A280-C33557907F61}.Debug|Any CPU.Build.0 = Debug|Any CPU
		{75C6EF66-318F-4B64-A280-C33557907F61}.Release|Any CPU.ActiveCfg = Release|Any CPU
		{75C6EF66-318F-4B64-A280-C33557907F61}.Release|Any CPU.Build.0 = Release|Any CPU
	EndGlobalSection
	GlobalSection(SolutionProperties) = preSolution
		HideSolutionNode = FALSE
	EndGlobalSection
	GlobalSection(ExtensibilityGlobals) = postSolution
		SolutionGuid = {09F60FC6-B682-4DE7-971A-F104E9A7C209}
	EndGlobalSection
EndGlobal
